Microsoft Visual Studio Solution File, Format Version 12.00
# Visual Studio 2012
Project("{FAE04EC0-301F-11D3-BF4B-00C04F79EFBC}") = "RPG Player Controller Demo", "RPG Player Controller Demo.csproj", "{BFA72FB6-AB09-4FA0-8EAA-0BE9997AC497}"
EndProject
Global
	GlobalSection(SolutionConfigurationPlatforms) = preSolution
	Debug|Any CPU = Debug|Any CPU
	ExportDebug|Any CPU = ExportDebug|Any CPU
	ExportRelease|Any CPU = ExportRelease|Any CPU
	EndGlobalSection
	GlobalSection(ProjectConfigurationPlatforms) = postSolution
		{BFA72FB6-AB09-4FA0-8EAA-0BE9997AC497}.Debug|Any CPU.ActiveCfg = Debug|Any CPU
		{BFA72FB6-AB09-4FA0-8EAA-0BE9997AC497}.Debug|Any CPU.Build.0 = Debug|Any CPU
		{BFA72FB6-AB09-4FA0-8EAA-0BE9997AC497}.ExportDebug|Any CPU.ActiveCfg = ExportDebug|Any CPU
		{BFA72FB6-AB09-4FA0-8EAA-0BE9997AC497}.ExportDebug|Any CPU.Build.0 = ExportDebug|Any CPU
		{BFA72FB6-AB09-4FA0-8EAA-0BE9997AC497}.ExportRelease|Any CPU.ActiveCfg = ExportRelease|Any CPU
		{BFA72FB6-AB09-4FA0-8EAA-0BE9997AC497}.ExportRelease|Any CPU.Build.0 = ExportRelease|Any CPU
	EndGlobalSection
EndGlobal
